
Microsoft Visual Studio Solution File, Format Version 12.00
# Visual Studio Version 17
VisualStudioVersion = 17.14.36401.2 d17.14
MinimumVisualStudioVersion = 10.0.40219.1
Project("{FAE04EC0-301F-11D3-BF4B-00C04F79EFBC}") = "MapboxMegaservicios.API", "MapboxMegaservicios.API.csproj", "{4BAAF7FA-91A4-12BA-97CB-307F224D0E8D}"
EndProject
Global
	GlobalSection(SolutionConfigurationPlatforms) = preSolution
		Debug|Any CPU = Debug|Any CPU
		Release|Any CPU = Release|Any CPU
	EndGlobalSection
	GlobalSection(ProjectConfigurationPlatforms) = postSolution
		{4BAAF7FA-91A4-12BA-97CB-307F224D0E8D}.Debug|Any CPU.ActiveCfg = Debug|Any CPU
		{4BAAF7FA-91A4-12BA-97CB-307F224D0E8D}.Debug|Any CPU.Build.0 = Debug|Any CPU
		{4BAAF7FA-91A4-12BA-97CB-307F224D0E8D}.Release|Any CPU.ActiveCfg = Release|Any CPU
		{4BAAF7FA-91A4-12BA-97CB-307F224D0E8D}.Release|Any CPU.Build.0 = Release|Any CPU
	EndGlobalSection
	GlobalSection(SolutionProperties) = preSolution
		HideSolutionNode = FALSE
	EndGlobalSection
	GlobalSection(ExtensibilityGlobals) = postSolution
		SolutionGuid = {C9656CFC-FCF1-41D8-AC88-BBFCAD6B61D3}
	EndGlobalSection
EndGlobal
